
Microsoft Visual Studio Solution File, Format Version 12.00
# Visual Studio Version 16
VisualStudioVersion = 16.0.31105.61
MinimumVisualStudioVersion = 10.0.40219.1
Project("{FAE04EC0-301F-11D3-BF4B-00C04F79EFBC}") = "Assessment2", "Assessment2\Assessment2.csproj", "{807809C6-BEAC-4BFA-8C23-AC67AD61370C}"
EndProject
Global
	GlobalSection(SolutionConfigurationPlatforms) = preSolution
		Debug|Any CPU = Debug|Any CPU
		Release|Any CPU = Release|Any CPU
	EndGlobalSection
	GlobalSection(ProjectConfigurationPlatforms) = postSolution
		{807809C6-BEAC-4BFA-8C23-AC67AD61370C}.Debug|Any CPU.ActiveCfg = Debug|Any CPU
		{807809C6-BEAC-4BFA-8C23-AC67AD61370C}.Debug|Any CPU.Build.0 = Debug|Any CPU
		{807809C6-BEAC-4BFA-8C23-AC67AD61370C}.Release|Any CPU.ActiveCfg = Release|Any CPU
		{807809C6-BEAC-4BFA-8C23-AC67AD61370C}.Release|Any CPU.Build.0 = Release|Any CPU
	EndGlobalSection
	GlobalSection(SolutionProperties) = preSolution
		HideSolutionNode = FALSE
	EndGlobalSection
	GlobalSection(ExtensibilityGlobals) = postSolution
		SolutionGuid = {C0D26FEE-8F29-4938-B8DB-FCFC700F7A10}
	EndGlobalSection
EndGlobal
